<?xml version="1.0" encoding="utf-8"?>
<Project ToolsVersion="4.0" xmlns="http://schemas.microsoft.com/developer/msbuild/2003">
  <ItemGroup>
    <Filter Include="소스 파일">
      <UniqueIdentifier>{4FC737F1-C7A5-4376-A066-2A32D752A2FF}</UniqueIdentifier>
      <Extensions>cpp;c;cc;cxx;def;odl;idl;hpj;bat;asm;asmx</Extensions>
    </Filter>
    <Filter Include="헤더 파일">
      <UniqueIdentifier>{93995380-89BD-4b04-88EB-625FBE52EBFB}</UniqueIdentifier>
      <Extensions>h;hh;hpp;hxx;hm;inl;inc;xsd</Extensions>
    </Filter>
    <Filter Include="리소스 파일">
      <UniqueIdentifier>{67DA6AB6-F800-4c08-8B7A-83BB121AAD01}</UniqueIdentifier>
      <Extensions>rc;ico;cur;bmp;dlg;rc2;rct;bin;rgs;gif;jpg;jpeg;jpe;resx;tiff;tif;png;wav;mfcribbon-ms</Extensions>
    </Filter>
    <Filter Include="소스 파일\Scene">
      <UniqueIdentifier>{34585fa9-5dd8-4322-8d2a-ff444be54258}</UniqueIdentifier>
    </Filter>
    <Filter Include="헤더 파일\Scene">
      <UniqueIdentifier>{2b7f034c-97d2-4d9a-b30f-fc865e579e02}</UniqueIdentifier>
    </Filter>
    <Filter Include="소스 파일\Global">
      <UniqueIdentifier>{0017e75c-2c75-4ed8-a39d-45ccdbd5cfbf}</UniqueIdentifier>
    </Filter>
    <Filter Include="헤더 파일\Global">
      <UniqueIdentifier>{6cf2f79d-979d-4d9f-b2c4-a5b3c415001d}</UniqueIdentifier>
    </Filter>
    <Filter Include="소스 파일\Scene\gameScene">
      <UniqueIdentifier>{16c39234-780a-41c6-8050-387ce7a0aff5}</UniqueIdentifier>
    </Filter>
    <Filter Include="헤더 파일\Scene\gameScene">
      <UniqueIdentifier>{321764dc-3a6a-4cca-b4ba-f325af9382ae}</UniqueIdentifier>
    </Filter>
    <Filter Include="소스 파일\Scene\gameScene\class">
      <UniqueIdentifier>{b3c81806-1540-40df-9ffd-2cfb4f174677}</UniqueIdentifier>
    </Filter>
    <Filter Include="소스 파일\Scene\gameScene\toilet">
      <UniqueIdentifier>{49c292cb-fbdf-40bf-a397-fcf8dd65389f}</UniqueIdentifier>
    </Filter>
    <Filter Include="소스 파일\Scene\gameScene\office">
      <UniqueIdentifier>{157ae5ae-76bd-4117-84f8-a43a1d0585b3}</UniqueIdentifier>
    </Filter>
    <Filter Include="헤더 파일\Scene\gameScene\class">
      <UniqueIdentifier>{b240e73c-346e-4eac-90bc-928a635311b8}</UniqueIdentifier>
    </Filter>
    <Filter Include="헤더 파일\Scene\gameScene\toilet">
      <UniqueIdentifier>{e3f851f0-4a5d-4c77-afb5-28ae55f880a5}</UniqueIdentifier>
    </Filter>
    <Filter Include="헤더 파일\Scene\gameScene\office">
      <UniqueIdentifier>{c381ff52-0711-4540-bb7a-ce2addf4da1e}</UniqueIdentifier>
    </Filter>
    <Filter Include="소스 파일\Scene\gameScene\dungeon">
      <UniqueIdentifier>{e9c8be9c-f736-4225-9908-162cf00a345c}</UniqueIdentifier>
    </Filter>
  </ItemGroup>
  <ItemGroup>
    <ClCompile Include="startScene.cpp">
      <Filter>소스 파일\Scene</Filter>
    </ClCompile>
    <ClCompile Include="mainScene.cpp">
      <Filter>소스 파일\Scene</Filter>
    </ClCompile>
    <ClCompile Include="DataManager.cpp">
      <Filter>소스 파일\Global</Filter>
    </ClCompile>
    <ClCompile Include="Dialogue.cpp">
      <Filter>소스 파일\Global</Filter>
    </ClCompile>
    <ClCompile Include="stdafx.cpp">
      <Filter>소스 파일\Global</Filter>
    </ClCompile>
    <ClCompile Include="WinMain.cpp">
      <Filter>소스 파일</Filter>
    </ClCompile>
    <ClCompile Include="tutorialScene.cpp">
      <Filter>소스 파일\Scene</Filter>
    </ClCompile>
    <ClCompile Include="PopUp.cpp">
      <Filter>소스 파일\Global</Filter>
    </ClCompile>
    <ClCompile Include="Player.cpp">
      <Filter>소스 파일\Global</Filter>
    </ClCompile>
    <ClCompile Include="gameScene.cpp">
      <Filter>소스 파일\Scene\gameScene</Filter>
    </ClCompile>
    <ClCompile Include="gameScene_class1.cpp">
      <Filter>소스 파일\Scene\gameScene\class</Filter>
    </ClCompile>
    <ClCompile Include="gameScene_class2.cpp">
      <Filter>소스 파일\Scene\gameScene\class</Filter>
    </ClCompile>
    <ClCompile Include="gameScene_class3.cpp">
      <Filter>소스 파일\Scene\gameScene\class</Filter>
    </ClCompile>
    <ClCompile Include="gameScene_office.cpp">
      <Filter>소스 파일\Scene\gameScene\office</Filter>
    </ClCompile>
    <ClCompile Include="gameScene_maleToilet1.cpp">
      <Filter>소스 파일\Scene\gameScene\toilet</Filter>
    </ClCompile>
    <ClCompile Include="gameScene_maleToilet2.cpp">
      <Filter>소스 파일\Scene\gameScene\toilet</Filter>
    </ClCompile>
    <ClCompile Include="gameScene_maleToilet3.cpp">
      <Filter>소스 파일\Scene\gameScene\toilet</Filter>
    </ClCompile>
    <ClCompile Include="gameScene_femaleToilet1.cpp">
      <Filter>소스 파일\Scene\gameScene\toilet</Filter>
    </ClCompile>
    <ClCompile Include="gameScene_femaleToilet2.cpp">
      <Filter>소스 파일\Scene\gameScene\toilet</Filter>
    </ClCompile>
    <ClCompile Include="gameScene_femaleToilet3.cpp">
      <Filter>소스 파일\Scene\gameScene\toilet</Filter>
    </ClCompile>
    <ClCompile Include="gameScene_dungeon.cpp">
      <Filter>소스 파일</Filter>
    </ClCompile>
    <ClCompile Include="Monster.cpp">
      <Filter>소스 파일</Filter>
    </ClCompile>
  </ItemGroup>
  <ItemGroup>
    <ClInclude Include="mainScene.h">
      <Filter>헤더 파일\Scene</Filter>
    </ClInclude>
    <ClInclude Include="startScene.h">
      <Filter>헤더 파일\Scene</Filter>
    </ClInclude>
    <ClInclude Include="tutorialScene.h">
      <Filter>헤더 파일\Scene</Filter>
    </ClInclude>
    <ClInclude Include="DataManager.h">
      <Filter>헤더 파일\Global</Filter>
    </ClInclude>
    <ClInclude Include="Dialogue.h">
      <Filter>헤더 파일\Global</Filter>
    </ClInclude>
    <ClInclude Include="stdafx.h">
      <Filter>헤더 파일\Global</Filter>
    </ClInclude>
    <ClInclude Include="Player.h">
      <Filter>헤더 파일\Global</Filter>
    </ClInclude>
    <ClInclude Include="PopUp.h">
      <Filter>헤더 파일\Global</Filter>
    </ClInclude>
    <ClInclude Include="gameScene.h">
      <Filter>헤더 파일\Scene\gameScene</Filter>
    </ClInclude>
    <ClInclude Include="gameScene_class1.h">
      <Filter>헤더 파일\Scene\gameScene\class</Filter>
    </ClInclude>
    <ClInclude Include="gameScene_class2.h">
      <Filter>헤더 파일\Scene\gameScene\class</Filter>
    </ClInclude>
    <ClInclude Include="gameScene_class3.h">
      <Filter>헤더 파일\Scene\gameScene\class</Filter>
    </ClInclude>
    <ClInclude Include="gameScene_office.h">
      <Filter>헤더 파일\Scene\gameScene\office</Filter>
    </ClInclude>
    <ClInclude Include="gameScene_maleToilet1.h">
      <Filter>헤더 파일\Scene\gameScene\toilet</Filter>
    </ClInclude>
    <ClInclude Include="gameScene_maleToilet2.h">
      <Filter>헤더 파일\Scene\gameScene\toilet</Filter>
    </ClInclude>
    <ClInclude Include="gameScene_maleToilet3.h">
      <Filter>헤더 파일\Scene\gameScene\toilet</Filter>
    </ClInclude>
    <ClInclude Include="gameScene_femaleToilet1.h">
      <Filter>헤더 파일\Scene\gameScene\toilet</Filter>
    </ClInclude>
    <ClInclude Include="gameScene_femaleToilet2.h">
      <Filter>헤더 파일\Scene\gameScene\toilet</Filter>
    </ClInclude>
    <ClInclude Include="gameScene_femaleToilet3.h">
      <Filter>헤더 파일\Scene\gameScene\toilet</Filter>
    </ClInclude>
    <ClInclude Include="gameScene_dungeon.h">
      <Filter>헤더 파일</Filter>
    </ClInclude>
    <ClInclude Include="Monster.h">
      <Filter>헤더 파일</Filter>
    </ClInclude>
  </ItemGroup>
</Project>